{
  "name": "scratch-event-sync",
  "version": "1.0.0",
  "lockfileVersion": 3,
  "requires": true,
  "packages": {
    "": {
      "name": "scratch-event-sync",
      "version": "1.0.0",
      "bundleDependencies": [
        "timer-event"
      ],
      "cpu": [
        "x64"
      ],
      "os": [
        "linux"
      ],
      "dependencies": {
        "timer-event": "file:../../fg-events/timer"
      },
      "devDependencies": {}
    },
    "node_modules/timer-event": {
      "version": "1.0.0",
      "resolved": "file:../../fg-events/timer",
      "inBundle": true,
      "license": "Apache-2.0"
    }
  }
}
