{
  "name": "scratch-event-cts",
  "version": "1.0.0",
  "lockfileVersion": 3,
  "requires": true,
  "packages": {
    "": {
      "name": "scratch-event-cts",
      "version": "1.0.0",
      "bundleDependencies": [
        "@opentelekomcloud-community/fg-cts-event"
      ],
      "cpu": [
        "x64"
      ],
      "os": [
        "linux"
      ],
      "dependencies": {
        "@opentelekomcloud-community/fg-cts-event": "file:../../fg-events/cts"
      },
      "devDependencies": {
        "@opentelekomcloud-community/fg-runtime": "file:../../fg-runtime"
      },
      "engines": {
        "node": "20.15.1"
      }
    },
    "../../fg-events/cts": {
      "name": "@opentelekomcloud-community/fg-cts-event",
      "version": "1.0.0",
      "license": "Apache-2.0",
      "devDependencies": {
        "jest": "^30.2.0",
        "jest-environment-jsdom": "^30.2.0"
      }
    },
    "../../fg-runtime": {
      "name": "@opentelekomcloud-community/fg-runtime",
      "version": "1.0.0",
      "bundleDependencies": [
        "moment"
      ],
      "dev": true,
      "license": "Apache-2.0",
      "dependencies": {
        "moment": "^2.30.1"
      },
      "devDependencies": {
        "jest": "^30.2.0",
        "jest-environment-jsdom": "^30.2.0"
      }
    },
    "node_modules/@opentelekomcloud-community/fg-cts-event": {
      "resolved": "../../fg-events/cts",
      "link": true
    },
    "node_modules/@opentelekomcloud-community/fg-runtime": {
      "resolved": "../../fg-runtime",
      "link": true
    }
  }
}
