{
  "name": "scratch-event-dms4rocketmq",
  "version": "1.0.0",
  "lockfileVersion": 3,
  "requires": true,
  "packages": {
    "": {
      "name": "scratch-event-dms4rocketmq",
      "version": "1.0.0",
      "bundleDependencies": [
        "dms4rocketmq-event"
      ],
      "cpu": [
        "x64"
      ],
      "os": [
        "linux"
      ],
      "dependencies": {
        "dms4rocketmq-event": "file:../../fg-events/dms4rocketmq"
      },
      "devDependencies": {
        "fg-runtime": "file:../../fg-runtime"
      },
      "engines": {
        "node": "20.15.1"
      }
    },
    "../../fg-events/dms4rocketmq": {
      "name": "dms4rocketmq-event",
      "version": "1.0.0",
      "license": "Apache-2.0",
      "devDependencies": {
        "jest": "^30.2.0",
        "jest-environment-jsdom": "^30.2.0"
      }
    },
    "../../fg-runtime": {
      "version": "1.0.0",
      "dev": true,
      "license": "Apache-2.0",
      "dependencies": {
        "moment": "^2.30.1"
      },
      "devDependencies": {
        "jest": "^30.2.0",
        "jest-environment-jsdom": "^30.2.0"
      }
    },
    "node_modules/dms4rocketmq-event": {
      "resolved": "../../fg-events/dms4rocketmq",
      "link": true
    },
    "node_modules/fg-runtime": {
      "resolved": "../../fg-runtime",
      "link": true
    }
  }
}
