{
  "name": "scratch-event-sync",
  "version": "1.0.0",
  "lockfileVersion": 3,
  "requires": true,
  "packages": {
    "": {
      "name": "scratch-event-sync",
      "version": "1.0.0",
      "cpu": [
        "x64"
      ],
      "os": [
        "linux"
      ],
      "devDependencies": {}
    }
  }
}
