{
  "name": "invoke-fg2fg",
  "version": "1.0.0",
  "lockfileVersion": 3,
  "requires": true,
  "packages": {
    "": {
      "name": "invoke-fg2fg",
      "version": "1.0.0",
      "bundleDependencies": [
        "@opentelekomcloud-community/otc-api-sign-sdk-nodejs"
      ],
      "license": "Apache-2.0",
      "dependencies": {
        "@opentelekomcloud-community/fg-runtime": "^1.0.0",
        "@opentelekomcloud-community/otc-api-sign-sdk-nodejs": "^1.0.0"
      },
      "engines": {
        "node": "20.15.1"
      }
    },
    "node_modules/@opentelekomcloud-community/fg-runtime": {
      "version": "1.0.1",
      "resolved": "https://npm.pkg.github.com/download/@opentelekomcloud-community/fg-runtime/1.0.1/989b38532584943267cf124f7b12d86d40fed364",
      "integrity": "sha512-OzFt5Jd2WNyxHrG2h0z+6Xb/ps1yp5w/MZVhzFtpHSKWLFsd+W4+W9XTSYWHwaoNSYGvDtKTaTKR9LgET0L7XA==",
      "bundleDependencies": [
        "moment"
      ],
      "license": "Apache-2.0",
      "dependencies": {
        "moment": "^2.30.1"
      }
    },
    "node_modules/@opentelekomcloud-community/fg-runtime/node_modules/moment": {
      "version": "2.30.1",
      "inBundle": true,
      "license": "MIT",
      "engines": {
        "node": "*"
      }
    },
    "node_modules/@opentelekomcloud-community/otc-api-sign-sdk-nodejs": {
      "version": "1.0.0",
      "resolved": "https://npm.pkg.github.com/download/@opentelekomcloud-community/otc-api-sign-sdk-nodejs/1.0.0/ede74688ca56cc5aae522a5701b75e3bf141418c",
      "integrity": "sha512-lLAyb/HsUz5AEwygUmr+9J3o4A4CZ6PuGSspc8ooI8lQt2PyMx0EJyK2Z0C/3NsdsXmcttODqZ/wKWS8ZictKw==",
      "inBundle": true,
      "license": "ISC",
      "dependencies": {
        "crypto-js": "^4.2.0",
        "https-proxy-agent": "^7.0.6"
      },
      "engines": {
        "node": ">=8.0.0"
      }
    },
    "node_modules/agent-base": {
      "version": "7.1.4",
      "resolved": "https://registry.npmjs.org/agent-base/-/agent-base-7.1.4.tgz",
      "integrity": "sha512-MnA+YT8fwfJPgBx3m60MNqakm30XOkyIoH1y6huTQvC0PwZG7ki8NacLBcrPbNoo8vEZy7Jpuk7+jMO+CUovTQ==",
      "inBundle": true,
      "license": "MIT",
      "engines": {
        "node": ">= 14"
      }
    },
    "node_modules/crypto-js": {
      "version": "4.2.0",
      "resolved": "https://registry.npmjs.org/crypto-js/-/crypto-js-4.2.0.tgz",
      "integrity": "sha512-KALDyEYgpY+Rlob/iriUtjV6d5Eq+Y191A5g4UqLAi8CyGP9N1+FdVbkc1SxKc2r4YAYqG8JzO2KGL+AizD70Q==",
      "inBundle": true,
      "license": "MIT"
    },
    "node_modules/debug": {
      "version": "4.4.3",
      "resolved": "https://registry.npmjs.org/debug/-/debug-4.4.3.tgz",
      "integrity": "sha512-RGwwWnwQvkVfavKVt22FGLw+xYSdzARwm0ru6DhTVA3umU5hZc28V3kO4stgYryrTlLpuvgI9GiijltAjNbcqA==",
      "inBundle": true,
      "license": "MIT",
      "dependencies": {
        "ms": "^2.1.3"
      },
      "engines": {
        "node": ">=6.0"
      },
      "peerDependenciesMeta": {
        "supports-color": {
          "optional": true
        }
      }
    },
    "node_modules/https-proxy-agent": {
      "version": "7.0.6",
      "resolved": "https://registry.npmjs.org/https-proxy-agent/-/https-proxy-agent-7.0.6.tgz",
      "integrity": "sha512-vK9P5/iUfdl95AI+JVyUuIcVtd4ofvtrOr3HNtM2yxC9bnMbEdp3x01OhQNnjb8IJYi38VlTE3mBXwcfvywuSw==",
      "inBundle": true,
      "license": "MIT",
      "dependencies": {
        "agent-base": "^7.1.2",
        "debug": "4"
      },
      "engines": {
        "node": ">= 14"
      }
    },
    "node_modules/ms": {
      "version": "2.1.3",
      "resolved": "https://registry.npmjs.org/ms/-/ms-2.1.3.tgz",
      "integrity": "sha512-6FlzubTLZG3J2a/NVCAleEhjzq5oxgHyaCU9yYXvcLsvoVaHJq/s5xXI6/XXP6tz7R9xAOtHnSO/tXtF3WRTlA==",
      "inBundle": true,
      "license": "MIT"
    }
  }
}
