{
  "name": "dependency-kafka-sample-consumer",
  "version": "1.0.0",
  "lockfileVersion": 3,
  "requires": true,
  "packages": {
    "": {
      "name": "dependency-kafka-sample-consumer",
      "version": "1.0.0",
      "bundleDependencies": [
        "dms4kafka-event"
      ],
      "cpu": [
        "x64"
      ],
      "os": [
        "linux"
      ],
      "dependencies": {
        "dms4kafka-event": "file:../../../fg-events/dms4kafka"
      },
      "devDependencies": {
        "fg-runtime": "file:../../../fg-runtime"
      },
      "engines": {
        "node": "20.15.1"
      }
    },
    "../../../fg-events/dms4kafka": {
      "name": "dms4kafka-event",
      "version": "1.0.0",
      "license": "Apache-2.0",
      "devDependencies": {
        "jest": "^30.2.0",
        "jest-environment-jsdom": "^30.2.0"
      }
    },
    "../../../fg-runtime": {
      "version": "1.0.0",
      "dev": true,
      "license": "Apache-2.0",
      "dependencies": {
        "moment": "^2.30.1"
      },
      "devDependencies": {
        "jest": "^30.2.0",
        "jest-environment-jsdom": "^30.2.0"
      }
    },
    "node_modules/dms4kafka-event": {
      "resolved": "../../../fg-events/dms4kafka",
      "link": true
    },
    "node_modules/fg-runtime": {
      "resolved": "../../../fg-runtime",
      "link": true
    }
  }
}
